
Microsoft Visual Studio Solution File, Format Version 12.00
# Visual Studio Version 17
VisualStudioVersion = 17.0.31903.59
MinimumVisualStudioVersion = 10.0.40219.1
Project("{FAE04EC0-301F-11D3-BF4B-00C04F79EFBC}") = "Task_01_03_Conditionals", "Task_01_03_Conditionals\Task_01_03_Conditionals.csproj", "{60B72935-025B-4AE9-B1A8-52C570D22FBB}"
EndProject
Global
	GlobalSection(SolutionConfigurationPlatforms) = preSolution
		Debug|Any CPU = Debug|Any CPU
		Release|Any CPU = Release|Any CPU
	EndGlobalSection
	GlobalSection(SolutionProperties) = preSolution
		HideSolutionNode = FALSE
	EndGlobalSection
	GlobalSection(ProjectConfigurationPlatforms) = postSolution
		{60B72935-025B-4AE9-B1A8-52C570D22FBB}.Debug|Any CPU.ActiveCfg = Debug|Any CPU
		{60B72935-025B-4AE9-B1A8-52C570D22FBB}.Debug|Any CPU.Build.0 = Debug|Any CPU
		{60B72935-025B-4AE9-B1A8-52C570D22FBB}.Release|Any CPU.ActiveCfg = Release|Any CPU
		{60B72935-025B-4AE9-B1A8-52C570D22FBB}.Release|Any CPU.Build.0 = Release|Any CPU
	EndGlobalSection
EndGlobal
